
Microsoft Visual Studio Solution File, Format Version 12.00
# Visual Studio 15
VisualStudioVersion = 15.0.27703.2026
MinimumVisualStudioVersion = 10.0.40219.1
Project("{FAE04EC0-301F-11D3-BF4B-00C04F79EFBC}") = "ProjectGame", "ProjectGame\ProjectGame.csproj", "{521D64CF-AEBB-4EDC-A27D-337E644E150D}"
EndProject
Project("{FAE04EC0-301F-11D3-BF4B-00C04F79EFBC}") = "ServiceGame", "ServiceGame\ServiceGame.csproj", "{6A324FD7-EE33-469E-A8BF-E9568AC58005}"
EndProject
Global
	GlobalSection(SolutionConfigurationPlatforms) = preSolution
		Debug|Any CPU = Debug|Any CPU
		Release|Any CPU = Release|Any CPU
	EndGlobalSection
	GlobalSection(ProjectConfigurationPlatforms) = postSolution
		{521D64CF-AEBB-4EDC-A27D-337E644E150D}.Debug|Any CPU.ActiveCfg = Debug|Any CPU
		{521D64CF-AEBB-4EDC-A27D-337E644E150D}.Debug|Any CPU.Build.0 = Debug|Any CPU
		{521D64CF-AEBB-4EDC-A27D-337E644E150D}.Release|Any CPU.ActiveCfg = Release|Any CPU
		{521D64CF-AEBB-4EDC-A27D-337E644E150D}.Release|Any CPU.Build.0 = Release|Any CPU
		{6A324FD7-EE33-469E-A8BF-E9568AC58005}.Debug|Any CPU.ActiveCfg = Debug|Any CPU
		{6A324FD7-EE33-469E-A8BF-E9568AC58005}.Debug|Any CPU.Build.0 = Debug|Any CPU
		{6A324FD7-EE33-469E-A8BF-E9568AC58005}.Release|Any CPU.ActiveCfg = Release|Any CPU
		{6A324FD7-EE33-469E-A8BF-E9568AC58005}.Release|Any CPU.Build.0 = Release|Any CPU
	EndGlobalSection
	GlobalSection(SolutionProperties) = preSolution
		HideSolutionNode = FALSE
	EndGlobalSection
	GlobalSection(ExtensibilityGlobals) = postSolution
		SolutionGuid = {F4966D3D-2F4A-4AC8-B31D-20908BB28D92}
	EndGlobalSection
EndGlobal
