
Microsoft Visual Studio Solution File, Format Version 12.00
# Visual Studio 14
VisualStudioVersion = 14.0.25420.1
MinimumVisualStudioVersion = 10.0.40219.1
Project("{FAE04EC0-301F-11D3-BF4B-00C04F79EFBC}") = "EmployeeSkills", "EmployeeSkills\EmployeeSkills.csproj", "{C161A984-E83E-4BE4-B934-D4CB3342BFC9}"
EndProject
Global
	GlobalSection(SolutionConfigurationPlatforms) = preSolution
		Debug|Any CPU = Debug|Any CPU
		Release|Any CPU = Release|Any CPU
	EndGlobalSection
	GlobalSection(ProjectConfigurationPlatforms) = postSolution
		{C161A984-E83E-4BE4-B934-D4CB3342BFC9}.Debug|Any CPU.ActiveCfg = Debug|Any CPU
		{C161A984-E83E-4BE4-B934-D4CB3342BFC9}.Debug|Any CPU.Build.0 = Debug|Any CPU
		{C161A984-E83E-4BE4-B934-D4CB3342BFC9}.Release|Any CPU.ActiveCfg = Release|Any CPU
		{C161A984-E83E-4BE4-B934-D4CB3342BFC9}.Release|Any CPU.Build.0 = Release|Any CPU
	EndGlobalSection
	GlobalSection(SolutionProperties) = preSolution
		HideSolutionNode = FALSE
	EndGlobalSection
EndGlobal
